
Microsoft Visual Studio Solution File, Format Version 12.00
# Visual Studio Version 17
VisualStudioVersion = 17.11.35303.130
MinimumVisualStudioVersion = 10.0.40219.1
Project("{FAE04EC0-301F-11D3-BF4B-00C04F79EFBC}") = "HocicosBack", "HocicosBack.csproj", "{3F3BCBC2-41E7-470B-8D93-4D725D3E199A}"
EndProject
Global
	GlobalSection(SolutionConfigurationPlatforms) = preSolution
		Debug|Any CPU = Debug|Any CPU
		Release|Any CPU = Release|Any CPU
	EndGlobalSection
	GlobalSection(ProjectConfigurationPlatforms) = postSolution
		{3F3BCBC2-41E7-470B-8D93-4D725D3E199A}.Debug|Any CPU.ActiveCfg = Debug|Any CPU
		{3F3BCBC2-41E7-470B-8D93-4D725D3E199A}.Debug|Any CPU.Build.0 = Debug|Any CPU
		{3F3BCBC2-41E7-470B-8D93-4D725D3E199A}.Release|Any CPU.ActiveCfg = Release|Any CPU
		{3F3BCBC2-41E7-470B-8D93-4D725D3E199A}.Release|Any CPU.Build.0 = Release|Any CPU
	EndGlobalSection
	GlobalSection(SolutionProperties) = preSolution
		HideSolutionNode = FALSE
	EndGlobalSection
	GlobalSection(ExtensibilityGlobals) = postSolution
		SolutionGuid = {DFD7378B-48E8-46DA-9135-D926F4264676}
	EndGlobalSection
EndGlobal
